// !$*UTF8*$!
{
	archiveVersion = 1;
	classes = {
	};
	objectVersion = 46;
	objects = {

/* Begin PBXBuildFile section */
		A9B36E0118D15441009004FB /* Foundation.framework in Frameworks */ = {isa = PBXBuildFile; fileRef = A9B36E0018D15441009004FB /* Foundation.framework */; };
		A9B36E0318D15441009004FB /* CoreGraphics.framework in Frameworks */ = {isa = PBXBuildFile; fileRef = A9B36E0218D15441009004FB /* CoreGraphics.framework */; };
		A9B36E0518D15441009004FB /* UIKit.framework in Frameworks */ = {isa = PBXBuildFile; fileRef = A9B36E0418D15441009004FB /* UIKit.framework */; };
		A9B36E0B18D15441009004FB /* InfoPlist.strings in Resources */ = {isa = PBXBuildFile; fileRef = A9B36E0918D15441009004FB /* InfoPlist.strings */; };
		A9B36E0D18D15442009004FB /* main.m in Sources */ = {isa = PBXBuildFile; fileRef = A9B36E0C18D15442009004FB /* main.m */; };
		A9B36E1118D15442009004FB /* NNAppDelegate.m in Sources */ = {isa = PBXBuildFile; fileRef = A9B36E1018D15442009004FB /* NNAppDelegate.m */; };
		A9B36E1318D15442009004FB /* Images.xcassets in Resources */ = {isa = PBXBuildFile; fileRef = A9B36E1218D15442009004FB /* Images.xcassets */; };
/* End PBXBuildFile section */

/* Begin PBXFileReference section */
		A9B36DFD18D15441009004FB /* Neon.app */ = {isa = PBXFileReference; explicitFileType = wrapper.application; includeInIndex = 0; path = Neon.app; sourceTree = BUILT_PRODUCTS_DIR; };
		A9B36E0018D15441009004FB /* Foundation.framework */ = {isa = PBXFileReference; lastKnownFileType = wrapper.framework; name = Foundation.framework; path = System/Library/Frameworks/Foundation.framework; sourceTree = SDKROOT; };
		A9B36E0218D15441009004FB /* CoreGraphics.framework */ = {isa = PBXFileReference; lastKnownFileType = wrapper.framework; name = CoreGraphics.framework; path = System/Library/Frameworks/CoreGraphics.framework; sourceTree = SDKROOT; };
		A9B36E0418D15441009004FB /* UIKit.framework */ = {isa = PBXFileReference; lastKnownFileType = wrapper.framework; name = UIKit.framework; path = System/Library/Frameworks/UIKit.framework; sourceTree = SDKROOT; };
		A9B36E0818D15441009004FB /* Neon-Info.plist */ = {isa = PBXFileReference; lastKnownFileType = text.plist.xml; path = "Neon-Info.plist"; sourceTree = "<group>"; };
		A9B36E0A18D15441009004FB /* en */ = {isa = PBXFileReference; lastKnownFileType = text.plist.strings; name = en; path = en.lproj/InfoPlist.strings; sourceTree = "<group>"; };
		A9B36E0C18D15442009004FB /* main.m */ = {isa = PBXFileReference; lastKnownFileType = sourcecode.c.objc; path = main.m; sourceTree = "<group>"; };
		A9B36E0E18D15442009004FB /* Neon-Prefix.pch */ = {isa = PBXFileReference; lastKnownFileType = sourcecode.c.h; path = "Neon-Prefix.pch"; sourceTree = "<group>"; };
		A9B36E0F18D15442009004FB /* NNAppDelegate.h */ = {isa = PBXFileReference; lastKnownFileType = sourcecode.c.h; path = NNAppDelegate.h; sourceTree = "<group>"; };
		A9B36E1018D15442009004FB /* NNAppDelegate.m */ = {isa = PBXFileReference; lastKnownFileType = sourcecode.c.objc; path = NNAppDelegate.m; sourceTree = "<group>"; };
		A9B36E1218D15442009004FB /* Images.xcassets */ = {isa = PBXFileReference; lastKnownFileType = folder.assetcatalog; path = Images.xcassets; sourceTree = "<group>"; };
		A9B36E1918D15442009004FB /* XCTest.framework */ = {isa = PBXFileReference; lastKnownFileType = wrapper.framework; name = XCTest.framework; path = Library/Frameworks/XCTest.framework; sourceTree = DEVELOPER_DIR; };
/* End PBXFileReference section */

/* Begin PBXFrameworksBuildPhase section */
		A9B36DFA18D15441009004FB /* Frameworks */ = {
			isa = PBXFrameworksBuildPhase;
			buildActionMask = 2147483647;
			files = (
				A9B36E0318D15441009004FB /* CoreGraphics.framework in Frameworks */,
				A9B36E0518D15441009004FB /* UIKit.framework in Frameworks */,
				A9B36E0118D15441009004FB /* Foundation.framework in Frameworks */,
			);
			runOnlyForDeploymentPostprocessing = 0;
		};
/* End PBXFrameworksBuildPhase section */

/* Begin PBXGroup section */
		A9B36DF418D15441009004FB = {
			isa = PBXGroup;
			children = (
				A9B36E0618D15441009004FB /* Neon */,
				A9B36DFF18D15441009004FB /* Frameworks */,
				A9B36DFE18D15441009004FB /* Products */,
			);
			sourceTree = "<group>";
		};
		A9B36DFE18D15441009004FB /* Products */ = {
			isa = PBXGroup;
			children = (
				A9B36DFD18D15441009004FB /* Neon.app */,
			);
			name = Products;
			sourceTree = "<group>";
		};
		A9B36DFF18D15441009004FB /* Frameworks */ = {
			isa = PBXGroup;
			children = (
				A9B36E0018D15441009004FB /* Foundation.framework */,
				A9B36E0218D15441009004FB /* CoreGraphics.framework */,
				A9B36E0418D15441009004FB /* UIKit.framework */,
				A9B36E1918D15442009004FB /* XCTest.framework */,
			);
			name = Frameworks;
			sourceTree = "<group>";
		};
		A9B36E0618D15441009004FB /* Neon */ = {
			isa = PBXGroup;
			children = (
				A9B36E2F18D154AF009004FB /* App Delegate */,
				A9B36E1218D15442009004FB /* Images.xcassets */,
				A9B36E0718D15441009004FB /* Supporting Files */,
			);
			path = Neon;
			sourceTree = "<group>";
		};
		A9B36E0718D15441009004FB /* Supporting Files */ = {
			isa = PBXGroup;
			children = (
				A9B36E0818D15441009004FB /* Neon-Info.plist */,
				A9B36E0918D15441009004FB /* InfoPlist.strings */,
				A9B36E0C18D15442009004FB /* main.m */,
				A9B36E0E18D15442009004FB /* Neon-Prefix.pch */,
			);
			name = "Supporting Files";
			sourceTree = "<group>";
		};
		A9B36E2F18D154AF009004FB /* App Delegate */ = {
			isa = PBXGroup;
			children = (
				A9B36E0F18D15442009004FB /* NNAppDelegate.h */,
				A9B36E1018D15442009004FB /* NNAppDelegate.m */,
			);
			name = "App Delegate";
			sourceTree = "<group>";
		};
/* End PBXGroup section */

/* Begin PBXNativeTarget section */
		A9B36DFC18D15441009004FB /* Neon */ = {
			isa = PBXNativeTarget;
			buildConfigurationList = A9B36E2918D15442009004FB /* Build configuration list for PBXNativeTarget "Neon" */;
			buildPhases = (
				A9B36DF918D15441009004FB /* Sources */,
				A9B36DFA18D15441009004FB /* Frameworks */,
				A9B36DFB18D15441009004FB /* Resources */,
			);
			buildRules = (
			);
			dependencies = (
			);
			name = Neon;
			productName = Neon;
			productReference = A9B36DFD18D15441009004FB /* Neon.app */;
			productType = "com.apple.product-type.application";
		};
/* End PBXNativeTarget section */

/* Begin PBXProject section */
		A9B36DF518D15441009004FB /* Project object */ = {
			isa = PBXProject;
			attributes = {
				CLASSPREFIX = NN;
				LastUpgradeCheck = 0510;
				TargetAttributes = {
					A9B36DFC18D15441009004FB = {
						DevelopmentTeam = DSR7B666L4;
					};
				};
			};
			buildConfigurationList = A9B36DF818D15441009004FB /* Build configuration list for PBXProject "Neon" */;
			compatibilityVersion = "Xcode 3.2";
			developmentRegion = English;
			hasScannedForEncodings = 0;
			knownRegions = (
				en,
			);
			mainGroup = A9B36DF418D15441009004FB;
			productRefGroup = A9B36DFE18D15441009004FB /* Products */;
			projectDirPath = "";
			projectRoot = "";
			targets = (
				A9B36DFC18D15441009004FB /* Neon */,
			);
		};
/* End PBXProject section */

/* Begin PBXResourcesBuildPhase section */
		A9B36DFB18D15441009004FB /* Resources */ = {
			isa = PBXResourcesBuildPhase;
			buildActionMask = 2147483647;
			files = (
				A9B36E0B18D15441009004FB /* InfoPlist.strings in Resources */,
				A9B36E1318D15442009004FB /* Images.xcassets in Resources */,
			);
			runOnlyForDeploymentPostprocessing = 0;
		};
/* End PBXResourcesBuildPhase section */

/* Begin PBXSourcesBuildPhase section */
		A9B36DF918D15441009004FB /* Sources */ = {
			isa = PBXSourcesBuildPhase;
			buildActionMask = 2147483647;
			files = (
				A9B36E1118D15442009004FB /* NNAppDelegate.m in Sources */,
				A9B36E0D18D15442009004FB /* main.m in Sources */,
			);
			runOnlyForDeploymentPostprocessing = 0;
		};
/* End PBXSourcesBuildPhase section */

/* Begin PBXVariantGroup section */
		A9B36E0918D15441009004FB /* InfoPlist.strings */ = {
			isa = PBXVariantGroup;
			children = (
				A9B36E0A18D15441009004FB /* en */,
			);
			name = InfoPlist.strings;
			sourceTree = "<group>";
		};
/* End PBXVariantGroup section */

/* Begin XCBuildConfiguration section */
		A9B36E2718D15442009004FB /* Debug */ = {
			isa = XCBuildConfiguration;
			buildSettings = {
				ALWAYS_SEARCH_USER_PATHS = NO;
				CLANG_CXX_LANGUAGE_STANDARD = "gnu++0x";
				CLANG_CXX_LIBRARY = "libc++";
				CLANG_ENABLE_MODULES = YES;
				CLANG_ENABLE_OBJC_ARC = YES;
				CLANG_WARN_BOOL_CONVERSION = YES;
				CLANG_WARN_CONSTANT_CONVERSION = YES;
				CLANG_WARN_DIRECT_OBJC_ISA_USAGE = YES_ERROR;
				CLANG_WARN_EMPTY_BODY = YES;
				CLANG_WARN_ENUM_CONVERSION = YES;
				CLANG_WARN_INT_CONVERSION = YES;
				CLANG_WARN_OBJC_ROOT_CLASS = YES_ERROR;
				CLANG_WARN__DUPLICATE_METHOD_MATCH = YES;
				"CODE_SIGN_IDENTITY[sdk=iphoneos*]" = "iPhone Developer";
				COPY_PHASE_STRIP = NO;
				GCC_C_LANGUAGE_STANDARD = gnu99;
				GCC_DYNAMIC_NO_PIC = NO;
				GCC_OPTIMIZATION_LEVEL = 0;
				GCC_PREPROCESSOR_DEFINITIONS = (
					"DEBUG=1",
					"$(inherited)",
				);
				GCC_SYMBOLS_PRIVATE_EXTERN = NO;
				GCC_WARN_64_TO_32_BIT_CONVERSION = YES;
				GCC_WARN_ABOUT_RETURN_TYPE = YES_ERROR;
				GCC_WARN_UNDECLARED_SELECTOR = YES;
				GCC_WARN_UNINITIALIZED_AUTOS = YES_AGGRESSIVE;
				GCC_WARN_UNUSED_FUNCTION = YES;
				GCC_WARN_UNUSED_VARIABLE = YES;
				IPHONEOS_DEPLOYMENT_TARGET = 7.0;
				ONLY_ACTIVE_ARCH = YES;
				SDKROOT = iphoneos;
			};
			name = Debug;
		};
		A9B36E2818D15442009004FB /* Release */ = {
			isa = XCBuildConfiguration;
			buildSettings = {
				ALWAYS_SEARCH_USER_PATHS = NO;
				CLANG_CXX_LANGUAGE_STANDARD = "gnu++0x";
				CLANG_CXX_LIBRARY = "libc++";
				CLANG_ENABLE_MODULES = YES;
				CLANG_ENABLE_OBJC_ARC = YES;
				CLANG_WARN_BOOL_CONVERSION = YES;
				CLANG_WARN_CONSTANT_CONVERSION = YES;
				CLANG_WARN_DIRECT_OBJC_ISA_USAGE = YES_ERROR;
				CLANG_WARN_EMPTY_BODY = YES;
				CLANG_WARN_ENUM_CONVERSION = YES;
				CLANG_WARN_INT_CONVERSION = YES;
				CLANG_WARN_OBJC_ROOT_CLASS = YES_ERROR;
				CLANG_WARN__DUPLICATE_METHOD_MATCH = YES;
				"CODE_SIGN_IDENTITY[sdk=iphoneos*]" = "iPhone Developer";
				COPY_PHASE_STRIP = YES;
				ENABLE_NS_ASSERTIONS = NO;
				GCC_C_LANGUAGE_STANDARD = gnu99;
				GCC_WARN_64_TO_32_BIT_CONVERSION = YES;
				GCC_WARN_ABOUT_RETURN_TYPE = YES_ERROR;
				GCC_WARN_UNDECLARED_SELECTOR = YES;
				GCC_WARN_UNINITIALIZED_AUTOS = YES_AGGRESSIVE;
				GCC_WARN_UNUSED_FUNCTION = YES;
				GCC_WARN_UNUSED_VARIABLE = YES;
				IPHONEOS_DEPLOYMENT_TARGET = 7.0;
				SDKROOT = iphoneos;
				VALIDATE_PRODUCT = YES;
			};
			name = Release;
		};
		A9B36E2A18D15442009004FB /* Debug */ = {
			isa = XCBuildConfiguration;
			buildSettings = {
				ASSETCATALOG_COMPILER_APPICON_NAME = AppIcon;
				ASSETCATALOG_COMPILER_LAUNCHIMAGE_NAME = LaunchImage;
				CODE_SIGN_IDENTITY = "iPhone Developer";
				GCC_PRECOMPILE_PREFIX_HEADER = YES;
				GCC_PREFIX_HEADER = "Neon/Neon-Prefix.pch";
				INFOPLIST_FILE = "Neon/Neon-Info.plist";
				PRODUCT_NAME = "$(TARGET_NAME)";
				WRAPPER_EXTENSION = app;
			};
			name = Debug;
		};
		A9B36E2B18D15442009004FB /* Release */ = {
			isa = XCBuildConfiguration;
			buildSettings = {
				ASSETCATALOG_COMPILER_APPICON_NAME = AppIcon;
				ASSETCATALOG_COMPILER_LAUNCHIMAGE_NAME = LaunchImage;
				CODE_SIGN_IDENTITY = "iPhone Developer";
				GCC_PRECOMPILE_PREFIX_HEADER = YES;
				GCC_PREFIX_HEADER = "Neon/Neon-Prefix.pch";
				INFOPLIST_FILE = "Neon/Neon-Info.plist";
				PRODUCT_NAME = "$(TARGET_NAME)";
				WRAPPER_EXTENSION = app;
			};
			name = Release;
		};
/* End XCBuildConfiguration section */

/* Begin XCConfigurationList section */
		A9B36DF818D15441009004FB /* Build configuration list for PBXProject "Neon" */ = {
			isa = XCConfigurationList;
			buildConfigurations = (
				A9B36E2718D15442009004FB /* Debug */,
				A9B36E2818D15442009004FB /* Release */,
			);
			defaultConfigurationIsVisible = 0;
			defaultConfigurationName = Release;
		};
		A9B36E2918D15442009004FB /* Build configuration list for PBXNativeTarget "Neon" */ = {
			isa = XCConfigurationList;
			buildConfigurations = (
				A9B36E2A18D15442009004FB /* Debug */,
				A9B36E2B18D15442009004FB /* Release */,
			);
			defaultConfigurationIsVisible = 0;
		};
/* End XCConfigurationList section */
	};
	rootObject = A9B36DF518D15441009004FB /* Project object */;
}
